
Microsoft Visual Studio Solution File, Format Version 12.00
# Visual Studio Version 16
VisualStudioVersion = 16.0.30320.27
MinimumVisualStudioVersion = 10.0.40219.1
Project("{FAE04EC0-301F-11D3-BF4B-00C04F79EFBC}") = "Lista_simple", "Lista_simple.csproj", "{3FC9A39B-5B00-470E-BC28-ACB5F66825A5}"
EndProject
Global
	GlobalSection(SolutionConfigurationPlatforms) = preSolution
		Debug|Any CPU = Debug|Any CPU
		Release|Any CPU = Release|Any CPU
	EndGlobalSection
	GlobalSection(ProjectConfigurationPlatforms) = postSolution
		{3FC9A39B-5B00-470E-BC28-ACB5F66825A5}.Debug|Any CPU.ActiveCfg = Debug|Any CPU
		{3FC9A39B-5B00-470E-BC28-ACB5F66825A5}.Debug|Any CPU.Build.0 = Debug|Any CPU
		{3FC9A39B-5B00-470E-BC28-ACB5F66825A5}.Release|Any CPU.ActiveCfg = Release|Any CPU
		{3FC9A39B-5B00-470E-BC28-ACB5F66825A5}.Release|Any CPU.Build.0 = Release|Any CPU
	EndGlobalSection
	GlobalSection(SolutionProperties) = preSolution
		HideSolutionNode = FALSE
	EndGlobalSection
	GlobalSection(ExtensibilityGlobals) = postSolution
		SolutionGuid = {0201220C-BCA0-4078-9559-A499A9DA72CD}
	EndGlobalSection
EndGlobal
